<?xml version="1.0" encoding="UTF-8"?>
<Scheme
   LastUpgradeVersion = "1300"
   version = "1.3">
   <BuildAction
      parallelizeBuildables = "YES"
      buildImplicitDependencies = "YES">
      <BuildActionEntries>
         <BuildActionEntry
            buildForTesting = "YES"
            buildForRunning = "YES"
            buildForProfiling = "YES"
            buildForArchiving = "YES"
            buildForAnalyzing = "YES">
            <BuildableReference
               BuildableIdentifier = "primary"
               BlueprintIdentifier = "33CC10EC2044A3C60003C045"
<<<<<<< HEAD
               BuildableName = "friendship.app"
=======
<<<<<<< HEAD
               BuildableName = "frienship.app"
=======
               BuildableName = "friendship.app"
>>>>>>> 12db7205233d38e4e1a735aaee1238c26357bf3d
>>>>>>> feea7f3a007e831d9e3d08506e98a649f2dbc2ea
               BlueprintName = "Runner"
               ReferencedContainer = "container:Runner.xcodeproj">
            </BuildableReference>
         </BuildActionEntry>
      </BuildActionEntries>
   </BuildAction>
   <TestAction
      buildConfiguration = "Debug"
      selectedDebuggerIdentifier = "Xcode.DebuggerFoundation.Debugger.LLDB"
      selectedLauncherIdentifier = "Xcode.DebuggerFoundation.Launcher.LLDB"
      shouldUseLaunchSchemeArgsEnv = "YES">
      <MacroExpansion>
         <BuildableReference
            BuildableIdentifier = "primary"
            BlueprintIdentifier = "33CC10EC2044A3C60003C045"
<<<<<<< HEAD
            BuildableName = "friendship.app"
=======
<<<<<<< HEAD
            BuildableName = "frienship.app"
=======
            BuildableName = "friendship.app"
>>>>>>> 12db7205233d38e4e1a735aaee1238c26357bf3d
>>>>>>> feea7f3a007e831d9e3d08506e98a649f2dbc2ea
            BlueprintName = "Runner"
            ReferencedContainer = "container:Runner.xcodeproj">
         </BuildableReference>
      </MacroExpansion>
      <Testables>
      </Testables>
   </TestAction>
   <LaunchAction
      buildConfiguration = "Debug"
      selectedDebuggerIdentifier = "Xcode.DebuggerFoundation.Debugger.LLDB"
      selectedLauncherIdentifier = "Xcode.DebuggerFoundation.Launcher.LLDB"
      launchStyle = "0"
      useCustomWorkingDirectory = "NO"
      ignoresPersistentStateOnLaunch = "NO"
      debugDocumentVersioning = "YES"
      debugServiceExtension = "internal"
      allowLocationSimulation = "YES">
      <BuildableProductRunnable
         runnableDebuggingMode = "0">
         <BuildableReference
            BuildableIdentifier = "primary"
            BlueprintIdentifier = "33CC10EC2044A3C60003C045"
<<<<<<< HEAD
            BuildableName = "friendship.app"
=======
<<<<<<< HEAD
            BuildableName = "frienship.app"
=======
            BuildableName = "friendship.app"
>>>>>>> 12db7205233d38e4e1a735aaee1238c26357bf3d
>>>>>>> feea7f3a007e831d9e3d08506e98a649f2dbc2ea
            BlueprintName = "Runner"
            ReferencedContainer = "container:Runner.xcodeproj">
         </BuildableReference>
      </BuildableProductRunnable>
   </LaunchAction>
   <ProfileAction
      buildConfiguration = "Profile"
      shouldUseLaunchSchemeArgsEnv = "YES"
      savedToolIdentifier = ""
      useCustomWorkingDirectory = "NO"
      debugDocumentVersioning = "YES">
      <BuildableProductRunnable
         runnableDebuggingMode = "0">
         <BuildableReference
            BuildableIdentifier = "primary"
            BlueprintIdentifier = "33CC10EC2044A3C60003C045"
<<<<<<< HEAD
            BuildableName = "friendship.app"
=======
<<<<<<< HEAD
            BuildableName = "frienship.app"
=======
            BuildableName = "friendship.app"
>>>>>>> 12db7205233d38e4e1a735aaee1238c26357bf3d
>>>>>>> feea7f3a007e831d9e3d08506e98a649f2dbc2ea
            BlueprintName = "Runner"
            ReferencedContainer = "container:Runner.xcodeproj">
         </BuildableReference>
      </BuildableProductRunnable>
   </ProfileAction>
   <AnalyzeAction
      buildConfiguration = "Debug">
   </AnalyzeAction>
   <ArchiveAction
      buildConfiguration = "Release"
      revealArchiveInOrganizer = "YES">
   </ArchiveAction>
</Scheme>
